
Microsoft Visual Studio Solution File, Format Version 12.00
# Visual Studio Version 17
VisualStudioVersion = 17.0.31903.59
MinimumVisualStudioVersion = 10.0.40219.1
Project("{9A19103F-16F7-4668-BE54-9A1E7A4F7556}") = "Producer", "src\Producer\Producer.csproj", "{85DB1C09-F4C9-4DA5-8C28-237DF43AFE1F}"
EndProject
Project("{2150E333-8FDC-42A3-9474-1A3956D46DE8}") = "src", "src", "{DF6A9E89-39DD-4FFD-BA83-9EF9ACB6C0AD}"
EndProject
Project("{9A19103F-16F7-4668-BE54-9A1E7A4F7556}") = "Consumer", "src\Consumer\Consumer.csproj", "{FB8044D9-9BAB-4C54-9A3B-98FDF49DB4D7}"
EndProject
Project("{9A19103F-16F7-4668-BE54-9A1E7A4F7556}") = "Messages", "src\Messages\Messages.csproj", "{60F91052-3B91-4A25-BE20-7EF55C1D80D2}"
EndProject
Project("{9A19103F-16F7-4668-BE54-9A1E7A4F7556}") = "MasstransitPlayground.AppHost", "src\MasstransitPlayground.AppHost\MasstransitPlayground.AppHost.csproj", "{77C26379-CEE8-40C5-940A-37E8EB31CC91}"
EndProject
Project("{9A19103F-16F7-4668-BE54-9A1E7A4F7556}") = "MasstransitPlayground.ServiceDefaults", "src\MasstransitPlayground.ServiceDefaults\MasstransitPlayground.ServiceDefaults.csproj", "{CAFE4A61-1DE7-4D7B-9B2E-A20F092655D7}"
EndProject
Project("{2150E333-8FDC-42A3-9474-1A3956D46DE8}") = "Aspire", "Aspire", "{6ACFFF6D-CFE6-4119-B28A-5E27AE003263}"
EndProject
Global
	GlobalSection(SolutionConfigurationPlatforms) = preSolution
		Debug|Any CPU = Debug|Any CPU
		Release|Any CPU = Release|Any CPU
	EndGlobalSection
	GlobalSection(ProjectConfigurationPlatforms) = postSolution
		{85DB1C09-F4C9-4DA5-8C28-237DF43AFE1F}.Debug|Any CPU.ActiveCfg = Debug|Any CPU
		{85DB1C09-F4C9-4DA5-8C28-237DF43AFE1F}.Debug|Any CPU.Build.0 = Debug|Any CPU
		{85DB1C09-F4C9-4DA5-8C28-237DF43AFE1F}.Release|Any CPU.ActiveCfg = Release|Any CPU
		{85DB1C09-F4C9-4DA5-8C28-237DF43AFE1F}.Release|Any CPU.Build.0 = Release|Any CPU
		{FB8044D9-9BAB-4C54-9A3B-98FDF49DB4D7}.Debug|Any CPU.ActiveCfg = Debug|Any CPU
		{FB8044D9-9BAB-4C54-9A3B-98FDF49DB4D7}.Debug|Any CPU.Build.0 = Debug|Any CPU
		{FB8044D9-9BAB-4C54-9A3B-98FDF49DB4D7}.Release|Any CPU.ActiveCfg = Release|Any CPU
		{FB8044D9-9BAB-4C54-9A3B-98FDF49DB4D7}.Release|Any CPU.Build.0 = Release|Any CPU
		{60F91052-3B91-4A25-BE20-7EF55C1D80D2}.Debug|Any CPU.ActiveCfg = Debug|Any CPU
		{60F91052-3B91-4A25-BE20-7EF55C1D80D2}.Debug|Any CPU.Build.0 = Debug|Any CPU
		{60F91052-3B91-4A25-BE20-7EF55C1D80D2}.Release|Any CPU.ActiveCfg = Release|Any CPU
		{60F91052-3B91-4A25-BE20-7EF55C1D80D2}.Release|Any CPU.Build.0 = Release|Any CPU
		{77C26379-CEE8-40C5-940A-37E8EB31CC91}.Debug|Any CPU.ActiveCfg = Debug|Any CPU
		{77C26379-CEE8-40C5-940A-37E8EB31CC91}.Debug|Any CPU.Build.0 = Debug|Any CPU
		{77C26379-CEE8-40C5-940A-37E8EB31CC91}.Release|Any CPU.ActiveCfg = Release|Any CPU
		{77C26379-CEE8-40C5-940A-37E8EB31CC91}.Release|Any CPU.Build.0 = Release|Any CPU
		{CAFE4A61-1DE7-4D7B-9B2E-A20F092655D7}.Debug|Any CPU.ActiveCfg = Debug|Any CPU
		{CAFE4A61-1DE7-4D7B-9B2E-A20F092655D7}.Debug|Any CPU.Build.0 = Debug|Any CPU
		{CAFE4A61-1DE7-4D7B-9B2E-A20F092655D7}.Release|Any CPU.ActiveCfg = Release|Any CPU
		{CAFE4A61-1DE7-4D7B-9B2E-A20F092655D7}.Release|Any CPU.Build.0 = Release|Any CPU
	EndGlobalSection
	GlobalSection(SolutionProperties) = preSolution
		HideSolutionNode = FALSE
	EndGlobalSection
	GlobalSection(NestedProjects) = preSolution
		{85DB1C09-F4C9-4DA5-8C28-237DF43AFE1F} = {DF6A9E89-39DD-4FFD-BA83-9EF9ACB6C0AD}
		{FB8044D9-9BAB-4C54-9A3B-98FDF49DB4D7} = {DF6A9E89-39DD-4FFD-BA83-9EF9ACB6C0AD}
		{60F91052-3B91-4A25-BE20-7EF55C1D80D2} = {DF6A9E89-39DD-4FFD-BA83-9EF9ACB6C0AD}
		{77C26379-CEE8-40C5-940A-37E8EB31CC91} = {6ACFFF6D-CFE6-4119-B28A-5E27AE003263}
		{CAFE4A61-1DE7-4D7B-9B2E-A20F092655D7} = {6ACFFF6D-CFE6-4119-B28A-5E27AE003263}
	EndGlobalSection
EndGlobal
